
Microsoft Visual Studio Solution File, Format Version 12.00
# Visual Studio Version 18
VisualStudioVersion = 18.8.12009.203 stable
MinimumVisualStudioVersion = 10.0.40219.1
Project("{8BC9CEB8-8B4A-11D0-8D11-00A0C91BC942}") = "ProyectoSO", "ProyectoSO.vcxproj", "{C0C76B66-68E5-B700-9791-4ED996D4EFD6}"
EndProject
Global
	GlobalSection(SolutionConfigurationPlatforms) = preSolution
		Debug|x64 = Debug|x64
		Debug|x86 = Debug|x86
		Release|x64 = Release|x64
		Release|x86 = Release|x86
	EndGlobalSection
	GlobalSection(ProjectConfigurationPlatforms) = postSolution
		{C0C76B66-68E5-B700-9791-4ED996D4EFD6}.Debug|x64.ActiveCfg = Debug|x64
		{C0C76B66-68E5-B700-9791-4ED996D4EFD6}.Debug|x64.Build.0 = Debug|x64
		{C0C76B66-68E5-B700-9791-4ED996D4EFD6}.Debug|x86.ActiveCfg = Debug|Win32
		{C0C76B66-68E5-B700-9791-4ED996D4EFD6}.Debug|x86.Build.0 = Debug|Win32
		{C0C76B66-68E5-B700-9791-4ED996D4EFD6}.Release|x64.ActiveCfg = Release|x64
		{C0C76B66-68E5-B700-9791-4ED996D4EFD6}.Release|x64.Build.0 = Release|x64
		{C0C76B66-68E5-B700-9791-4ED996D4EFD6}.Release|x86.ActiveCfg = Release|Win32
		{C0C76B66-68E5-B700-9791-4ED996D4EFD6}.Release|x86.Build.0 = Release|Win32
	EndGlobalSection
	GlobalSection(SolutionProperties) = preSolution
		HideSolutionNode = FALSE
	EndGlobalSection
	GlobalSection(ExtensibilityGlobals) = postSolution
		SolutionGuid = {306B87D7-EFFC-4904-A806-E196980C0FFC}
	EndGlobalSection
EndGlobal
